
Microsoft Visual Studio Solution File, Format Version 12.00
# Visual Studio Version 17
VisualStudioVersion = 17.5.33424.131
MinimumVisualStudioVersion = 10.0.40219.1
Project("{8BC9CEB8-8B4A-11D0-8D11-00A0C91BC942}") = "exces_2_073_B", "exces_2_073_B\exces_2_073_B.vcxproj", "{74B61516-6CBD-4B46-809B-C1F3F3709558}"
EndProject
Global
	GlobalSection(SolutionConfigurationPlatforms) = preSolution
		Debug|x64 = Debug|x64
		Debug|x86 = Debug|x86
		Release|x64 = Release|x64
		Release|x86 = Release|x86
	EndGlobalSection
	GlobalSection(ProjectConfigurationPlatforms) = postSolution
		{74B61516-6CBD-4B46-809B-C1F3F3709558}.Debug|x64.ActiveCfg = Debug|x64
		{74B61516-6CBD-4B46-809B-C1F3F3709558}.Debug|x64.Build.0 = Debug|x64
		{74B61516-6CBD-4B46-809B-C1F3F3709558}.Debug|x86.ActiveCfg = Debug|Win32
		{74B61516-6CBD-4B46-809B-C1F3F3709558}.Debug|x86.Build.0 = Debug|Win32
		{74B61516-6CBD-4B46-809B-C1F3F3709558}.Release|x64.ActiveCfg = Release|x64
		{74B61516-6CBD-4B46-809B-C1F3F3709558}.Release|x64.Build.0 = Release|x64
		{74B61516-6CBD-4B46-809B-C1F3F3709558}.Release|x86.ActiveCfg = Release|Win32
		{74B61516-6CBD-4B46-809B-C1F3F3709558}.Release|x86.Build.0 = Release|Win32
	EndGlobalSection
	GlobalSection(SolutionProperties) = preSolution
		HideSolutionNode = FALSE
	EndGlobalSection
	GlobalSection(ExtensibilityGlobals) = postSolution
		SolutionGuid = {56BD4DF3-EE56-47A2-829A-43BC1E4EDD8E}
	EndGlobalSection
EndGlobal
